
Microsoft Visual Studio Solution File, Format Version 12.00
# Visual Studio Version 17
VisualStudioVersion = 17.3.32929.385
MinimumVisualStudioVersion = 10.0.40219.1
Project("{9A19103F-16F7-4668-BE54-9A1E7A4F7556}") = "RisoOdonto", "RisoOdonto\RisoOdonto.csproj", "{42274922-C8E8-4CA0-B355-CECC5B16291D}"
EndProject
Project("{FAE04EC0-301F-11D3-BF4B-00C04F79EFBC}") = "RisoOdontoDSKTP", "RisoOdontoDSKTP\RisoOdontoDSKTP.csproj", "{05DECDA5-D96B-41BB-9822-E65854906FE5}"
EndProject
Global
	GlobalSection(SolutionConfigurationPlatforms) = preSolution
		Debug|Any CPU = Debug|Any CPU
		Release|Any CPU = Release|Any CPU
	EndGlobalSection
	GlobalSection(ProjectConfigurationPlatforms) = postSolution
		{42274922-C8E8-4CA0-B355-CECC5B16291D}.Debug|Any CPU.ActiveCfg = Debug|Any CPU
		{42274922-C8E8-4CA0-B355-CECC5B16291D}.Debug|Any CPU.Build.0 = Debug|Any CPU
		{42274922-C8E8-4CA0-B355-CECC5B16291D}.Release|Any CPU.ActiveCfg = Release|Any CPU
		{42274922-C8E8-4CA0-B355-CECC5B16291D}.Release|Any CPU.Build.0 = Release|Any CPU
		{05DECDA5-D96B-41BB-9822-E65854906FE5}.Debug|Any CPU.ActiveCfg = Debug|Any CPU
		{05DECDA5-D96B-41BB-9822-E65854906FE5}.Debug|Any CPU.Build.0 = Debug|Any CPU
		{05DECDA5-D96B-41BB-9822-E65854906FE5}.Release|Any CPU.ActiveCfg = Release|Any CPU
		{05DECDA5-D96B-41BB-9822-E65854906FE5}.Release|Any CPU.Build.0 = Release|Any CPU
	EndGlobalSection
	GlobalSection(SolutionProperties) = preSolution
		HideSolutionNode = FALSE
	EndGlobalSection
	GlobalSection(ExtensibilityGlobals) = postSolution
		SolutionGuid = {45820605-1B15-47E1-999F-EA56812D9D07}
	EndGlobalSection
EndGlobal
